# Generated by move; do not edit
# This file should be checked in.

[move]
version = 4

[pinned.mainnet.MoveStdlib]
source = { git = "https://github.com/MystenLabs/sui.git", subdir = "crates/sui-framework/packages/move-stdlib", rev = "d50b78880fdacb1bbde92e6974ed71a7650c1090" }
use_environment = "mainnet"
manifest_digest = "C4FE4C91DE74CBF223B2E380AE40F592177D21870DC2D7EB6227D2D694E05363"
deps = {}

[pinned.mainnet.Sui]
source = { git = "https://github.com/MystenLabs/sui.git", subdir = "crates/sui-framework/packages/sui-framework", rev = "d50b78880fdacb1bbde92e6974ed71a7650c1090" }
use_environment = "mainnet"
manifest_digest = "CD547CB1ACCE0880C835DAED2D8FFCB91D56C833AE5240D3AA5B918398263195"
deps = { MoveStdlib = "MoveStdlib" }

[pinned.mainnet.stablecoin]
source = { git = "https://github.com/drewstaylor/stablecoin-sui.git", subdir = "packages/stablecoin", rev = "4170d80845644332aac40bdf181d714a1d8ac961" }
use_environment = "mainnet"
manifest_digest = "EBA42C3BD3CA7B107DB57BA4870C827405F96FF0D9A37395432A23B37D285204"
deps = { std = "MoveStdlib", sui = "Sui", sui_extensions = "sui_extensions" }

[pinned.mainnet.sui_extensions]
source = { git = "https://github.com/drewstaylor/stablecoin-sui.git", subdir = "packages/sui_extensions", rev = "4170d80845644332aac40bdf181d714a1d8ac961" }
use_environment = "mainnet"
manifest_digest = "E41BBD67BE8940D26C79D78B028477EF5B33BA217A1282C78ACB344CF8A5ECF6"
deps = { std = "MoveStdlib", sui = "Sui" }

[pinned.mainnet.usdc]
source = { root = true }
use_environment = "mainnet"
manifest_digest = "C01C9B3CE79101A18FA12A7ED52C687063A9B041BACFDCFFF645A3160145E39C"
deps = { stablecoin = "stablecoin", std = "MoveStdlib", sui = "Sui", sui_extensions = "sui_extensions" }
